
Microsoft Visual Studio Solution File, Format Version 12.00
# Visual Studio Version 17
VisualStudioVersion = 17.6.33829.357
MinimumVisualStudioVersion = 10.0.40219.1
Project("{9A19103F-16F7-4668-BE54-9A1E7A4F7556}") = "BookLibrary.Blazor", "BookLibrary.Blazor\BookLibrary.Blazor.csproj", "{90771ADA-7B19-45BE-B8EE-4DC3C73F766B}"
EndProject
Project("{9A19103F-16F7-4668-BE54-9A1E7A4F7556}") = "BookLibrary.DAL.Tests", "BookLibrary.DAL.Tests\BookLibrary.DAL.Tests.csproj", "{D3F315A1-6E11-4341-87ED-F75FB7E04D42}"
EndProject
Project("{9A19103F-16F7-4668-BE54-9A1E7A4F7556}") = "BookLibrary.BLL.Tests", "BookLibrary.BLL.Tests\BookLibrary.BLL.Tests.csproj", "{4FCD6EC7-BBAD-482D-88A3-098AB81C777B}"
EndProject
Project("{9A19103F-16F7-4668-BE54-9A1E7A4F7556}") = "BookLibrary.Models", "BookLibrary.Models\BookLibrary.Models.csproj", "{9002DB2B-CF8F-415A-9AB2-4EA5BE68D570}"
EndProject
Project("{9A19103F-16F7-4668-BE54-9A1E7A4F7556}") = "BookLibrary.BLL", "BookLibrary.BLL\BookLibrary.BLL.csproj", "{7C5D8929-0B5B-4BE6-8125-882D411BA7A0}"
EndProject
Project("{9A19103F-16F7-4668-BE54-9A1E7A4F7556}") = "BookLibrary.DAL", "BookLibrary.DAL\BookLibrary.DAL.csproj", "{959031BF-E6AD-40DB-B11A-B2DCFA32BB46}"
EndProject
Global
	GlobalSection(SolutionConfigurationPlatforms) = preSolution
		Debug|Any CPU = Debug|Any CPU
		Release|Any CPU = Release|Any CPU
	EndGlobalSection
	GlobalSection(ProjectConfigurationPlatforms) = postSolution
		{90771ADA-7B19-45BE-B8EE-4DC3C73F766B}.Debug|Any CPU.ActiveCfg = Debug|Any CPU
		{90771ADA-7B19-45BE-B8EE-4DC3C73F766B}.Debug|Any CPU.Build.0 = Debug|Any CPU
		{90771ADA-7B19-45BE-B8EE-4DC3C73F766B}.Release|Any CPU.ActiveCfg = Release|Any CPU
		{90771ADA-7B19-45BE-B8EE-4DC3C73F766B}.Release|Any CPU.Build.0 = Release|Any CPU
		{D3F315A1-6E11-4341-87ED-F75FB7E04D42}.Debug|Any CPU.ActiveCfg = Debug|Any CPU
		{D3F315A1-6E11-4341-87ED-F75FB7E04D42}.Debug|Any CPU.Build.0 = Debug|Any CPU
		{D3F315A1-6E11-4341-87ED-F75FB7E04D42}.Release|Any CPU.ActiveCfg = Release|Any CPU
		{D3F315A1-6E11-4341-87ED-F75FB7E04D42}.Release|Any CPU.Build.0 = Release|Any CPU
		{4FCD6EC7-BBAD-482D-88A3-098AB81C777B}.Debug|Any CPU.ActiveCfg = Debug|Any CPU
		{4FCD6EC7-BBAD-482D-88A3-098AB81C777B}.Debug|Any CPU.Build.0 = Debug|Any CPU
		{4FCD6EC7-BBAD-482D-88A3-098AB81C777B}.Release|Any CPU.ActiveCfg = Release|Any CPU
		{4FCD6EC7-BBAD-482D-88A3-098AB81C777B}.Release|Any CPU.Build.0 = Release|Any CPU
		{9002DB2B-CF8F-415A-9AB2-4EA5BE68D570}.Debug|Any CPU.ActiveCfg = Debug|Any CPU
		{9002DB2B-CF8F-415A-9AB2-4EA5BE68D570}.Debug|Any CPU.Build.0 = Debug|Any CPU
		{9002DB2B-CF8F-415A-9AB2-4EA5BE68D570}.Release|Any CPU.ActiveCfg = Release|Any CPU
		{9002DB2B-CF8F-415A-9AB2-4EA5BE68D570}.Release|Any CPU.Build.0 = Release|Any CPU
		{7C5D8929-0B5B-4BE6-8125-882D411BA7A0}.Debug|Any CPU.ActiveCfg = Debug|Any CPU
		{7C5D8929-0B5B-4BE6-8125-882D411BA7A0}.Debug|Any CPU.Build.0 = Debug|Any CPU
		{7C5D8929-0B5B-4BE6-8125-882D411BA7A0}.Release|Any CPU.ActiveCfg = Release|Any CPU
		{7C5D8929-0B5B-4BE6-8125-882D411BA7A0}.Release|Any CPU.Build.0 = Release|Any CPU
		{959031BF-E6AD-40DB-B11A-B2DCFA32BB46}.Debug|Any CPU.ActiveCfg = Debug|Any CPU
		{959031BF-E6AD-40DB-B11A-B2DCFA32BB46}.Debug|Any CPU.Build.0 = Debug|Any CPU
		{959031BF-E6AD-40DB-B11A-B2DCFA32BB46}.Release|Any CPU.ActiveCfg = Release|Any CPU
		{959031BF-E6AD-40DB-B11A-B2DCFA32BB46}.Release|Any CPU.Build.0 = Release|Any CPU
	EndGlobalSection
	GlobalSection(SolutionProperties) = preSolution
		HideSolutionNode = FALSE
	EndGlobalSection
	GlobalSection(ExtensibilityGlobals) = postSolution
		SolutionGuid = {64B58CCA-388A-4B50-9012-FEA6E0A6B7ED}
	EndGlobalSection
EndGlobal
